
Microsoft Visual Studio Solution File, Format Version 12.00
# Visual Studio Version 17
VisualStudioVersion = 17.10.34928.147
MinimumVisualStudioVersion = 10.0.40219.1
Project("{FAE04EC0-301F-11D3-BF4B-00C04F79EFBC}") = "Diplom", "Diplom\Diplom.csproj", "{A0E62586-BABD-40D2-A8B9-84D55ECFF6BC}"
EndProject
Global
	GlobalSection(SolutionConfigurationPlatforms) = preSolution
		Debug|Any CPU = Debug|Any CPU
		Release|Any CPU = Release|Any CPU
	EndGlobalSection
	GlobalSection(ProjectConfigurationPlatforms) = postSolution
		{A0E62586-BABD-40D2-A8B9-84D55ECFF6BC}.Debug|Any CPU.ActiveCfg = Debug|Any CPU
		{A0E62586-BABD-40D2-A8B9-84D55ECFF6BC}.Debug|Any CPU.Build.0 = Debug|Any CPU
		{A0E62586-BABD-40D2-A8B9-84D55ECFF6BC}.Release|Any CPU.ActiveCfg = Release|Any CPU
		{A0E62586-BABD-40D2-A8B9-84D55ECFF6BC}.Release|Any CPU.Build.0 = Release|Any CPU
	EndGlobalSection
	GlobalSection(SolutionProperties) = preSolution
		HideSolutionNode = FALSE
	EndGlobalSection
	GlobalSection(ExtensibilityGlobals) = postSolution
		SolutionGuid = {6EAAB58B-ADDC-442E-A761-BF4FFBA84FFB}
	EndGlobalSection
EndGlobal
